// !$*UTF8*$!
{
	archiveVersion = 1;
	classes = {
	};
	objectVersion = 56;
	objects = {

/* Begin PBXBuildFile section */
		03FFF216217C46D9579BD1D8 /* Pods_Flash_Chat.framework in Frameworks */ = {isa = PBXBuildFile; fileRef = 8935291197EA9E33D17F5A8A /* Pods_Flash_Chat.framework */; };
		632E019529D1C62A000E55D7 /* MessageCell.swift in Sources */ = {isa = PBXBuildFile; fileRef = 632E019329D1C62A000E55D7 /* MessageCell.swift */; };
		632E019629D1C62A000E55D7 /* MessageCell.xib in Resources */ = {isa = PBXBuildFile; fileRef = 632E019429D1C62A000E55D7 /* MessageCell.xib */; };
		632E019929D1C86D000E55D7 /* Constants.swift in Sources */ = {isa = PBXBuildFile; fileRef = 632E019829D1C86D000E55D7 /* Constants.swift */; };
		632E019B29D1C933000E55D7 /* RegisterViewController.swift in Sources */ = {isa = PBXBuildFile; fileRef = 632E019A29D1C933000E55D7 /* RegisterViewController.swift */; };
		632E019D29D1C948000E55D7 /* LoginViewController.swift in Sources */ = {isa = PBXBuildFile; fileRef = 632E019C29D1C948000E55D7 /* LoginViewController.swift */; };
		632E019F29D1C954000E55D7 /* ChatViewController.swift in Sources */ = {isa = PBXBuildFile; fileRef = 632E019E29D1C954000E55D7 /* ChatViewController.swift */; };
		632E01A229D1E507000E55D7 /* Message.swift in Sources */ = {isa = PBXBuildFile; fileRef = 632E01A129D1E507000E55D7 /* Message.swift */; };
		632E01A429D1E65C000E55D7 /* GoogleService-Info.plist in Resources */ = {isa = PBXBuildFile; fileRef = 632E01A329D1E65C000E55D7 /* GoogleService-Info.plist */; };
		63709DC629D1C4B9009042D8 /* AppDelegate.swift in Sources */ = {isa = PBXBuildFile; fileRef = 63709DC529D1C4B9009042D8 /* AppDelegate.swift */; };
		63709DC829D1C4B9009042D8 /* SceneDelegate.swift in Sources */ = {isa = PBXBuildFile; fileRef = 63709DC729D1C4B9009042D8 /* SceneDelegate.swift */; };
		63709DCA29D1C4B9009042D8 /* WelcomeViewController.swift in Sources */ = {isa = PBXBuildFile; fileRef = 63709DC929D1C4B9009042D8 /* WelcomeViewController.swift */; };
		63709DCD29D1C4B9009042D8 /* Main.storyboard in Resources */ = {isa = PBXBuildFile; fileRef = 63709DCB29D1C4B9009042D8 /* Main.storyboard */; };
		63709DCF29D1C4BA009042D8 /* Assets.xcassets in Resources */ = {isa = PBXBuildFile; fileRef = 63709DCE29D1C4BA009042D8 /* Assets.xcassets */; };
		63709DD229D1C4BA009042D8 /* LaunchScreen.storyboard in Resources */ = {isa = PBXBuildFile; fileRef = 63709DD029D1C4BA009042D8 /* LaunchScreen.storyboard */; };
/* End PBXBuildFile section */

/* Begin PBXFileReference section */
		0069B3E96100F3C1593093A1 /* Pods-Flash-Chat.release.xcconfig */ = {isa = PBXFileReference; includeInIndex = 1; lastKnownFileType = text.xcconfig; name = "Pods-Flash-Chat.release.xcconfig"; path = "Target Support Files/Pods-Flash-Chat/Pods-Flash-Chat.release.xcconfig"; sourceTree = "<group>"; };
		1D1927920DA24C957A40A119 /* Pods-Flash-Chat.debug.xcconfig */ = {isa = PBXFileReference; includeInIndex = 1; lastKnownFileType = text.xcconfig; name = "Pods-Flash-Chat.debug.xcconfig"; path = "Target Support Files/Pods-Flash-Chat/Pods-Flash-Chat.debug.xcconfig"; sourceTree = "<group>"; };
		632E019329D1C62A000E55D7 /* MessageCell.swift */ = {isa = PBXFileReference; lastKnownFileType = sourcecode.swift; path = MessageCell.swift; sourceTree = "<group>"; };
		632E019429D1C62A000E55D7 /* MessageCell.xib */ = {isa = PBXFileReference; lastKnownFileType = file.xib; path = MessageCell.xib; sourceTree = "<group>"; };
		632E019829D1C86D000E55D7 /* Constants.swift */ = {isa = PBXFileReference; lastKnownFileType = sourcecode.swift; path = Constants.swift; sourceTree = "<group>"; };
		632E019A29D1C933000E55D7 /* RegisterViewController.swift */ = {isa = PBXFileReference; lastKnownFileType = sourcecode.swift; path = RegisterViewController.swift; sourceTree = "<group>"; };
		632E019C29D1C948000E55D7 /* LoginViewController.swift */ = {isa = PBXFileReference; lastKnownFileType = sourcecode.swift; path = LoginViewController.swift; sourceTree = "<group>"; };
		632E019E29D1C954000E55D7 /* ChatViewController.swift */ = {isa = PBXFileReference; lastKnownFileType = sourcecode.swift; path = ChatViewController.swift; sourceTree = "<group>"; };
		632E01A129D1E507000E55D7 /* Message.swift */ = {isa = PBXFileReference; lastKnownFileType = sourcecode.swift; path = Message.swift; sourceTree = "<group>"; };
		632E01A329D1E65C000E55D7 /* GoogleService-Info.plist */ = {isa = PBXFileReference; fileEncoding = 4; lastKnownFileType = text.plist.xml; path = "GoogleService-Info.plist"; sourceTree = "<group>"; };
		63709DC229D1C4B9009042D8 /* Flash-Chat.app */ = {isa = PBXFileReference; explicitFileType = wrapper.application; includeInIndex = 0; path = "Flash-Chat.app"; sourceTree = BUILT_PRODUCTS_DIR; };
		63709DC529D1C4B9009042D8 /* AppDelegate.swift */ = {isa = PBXFileReference; lastKnownFileType = sourcecode.swift; path = AppDelegate.swift; sourceTree = "<group>"; };
		63709DC729D1C4B9009042D8 /* SceneDelegate.swift */ = {isa = PBXFileReference; lastKnownFileType = sourcecode.swift; path = SceneDelegate.swift; sourceTree = "<group>"; };
		63709DC929D1C4B9009042D8 /* WelcomeViewController.swift */ = {isa = PBXFileReference; lastKnownFileType = sourcecode.swift; path = WelcomeViewController.swift; sourceTree = "<group>"; };
		63709DCC29D1C4B9009042D8 /* Base */ = {isa = PBXFileReference; lastKnownFileType = file.storyboard; name = Base; path = Base.lproj/Main.storyboard; sourceTree = "<group>"; };
		63709DCE29D1C4BA009042D8 /* Assets.xcassets */ = {isa = PBXFileReference; lastKnownFileType = folder.assetcatalog; path = Assets.xcassets; sourceTree = "<group>"; };
		63709DD129D1C4BA009042D8 /* Base */ = {isa = PBXFileReference; lastKnownFileType = file.storyboard; name = Base; path = Base.lproj/LaunchScreen.storyboard; sourceTree = "<group>"; };
		63709DD329D1C4BA009042D8 /* Info.plist */ = {isa = PBXFileReference; lastKnownFileType = text.plist.xml; path = Info.plist; sourceTree = "<group>"; };
		8935291197EA9E33D17F5A8A /* Pods_Flash_Chat.framework */ = {isa = PBXFileReference; explicitFileType = wrapper.framework; includeInIndex = 0; path = Pods_Flash_Chat.framework; sourceTree = BUILT_PRODUCTS_DIR; };
/* End PBXFileReference section */

/* Begin PBXFrameworksBuildPhase section */
		63709DBF29D1C4B9009042D8 /* Frameworks */ = {
			isa = PBXFrameworksBuildPhase;
			buildActionMask = 2147483647;
			files = (
				03FFF216217C46D9579BD1D8 /* Pods_Flash_Chat.framework in Frameworks */,
			);
			runOnlyForDeploymentPostprocessing = 0;
		};
/* End PBXFrameworksBuildPhase section */

/* Begin PBXGroup section */
		632E019729D1C761000E55D7 /* Controllers */ = {
			isa = PBXGroup;
			children = (
				63709DC929D1C4B9009042D8 /* WelcomeViewController.swift */,
				632E019A29D1C933000E55D7 /* RegisterViewController.swift */,
				632E019C29D1C948000E55D7 /* LoginViewController.swift */,
				632E019E29D1C954000E55D7 /* ChatViewController.swift */,
			);
			path = Controllers;
			sourceTree = "<group>";
		};
		632E01A029D1E4F8000E55D7 /* Models */ = {
			isa = PBXGroup;
			children = (
				632E01A129D1E507000E55D7 /* Message.swift */,
			);
			path = Models;
			sourceTree = "<group>";
		};
		63709DB929D1C4B9009042D8 = {
			isa = PBXGroup;
			children = (
				63709DC429D1C4B9009042D8 /* Flash-Chat */,
				63709DC329D1C4B9009042D8 /* Products */,
				C23C2B51B7C572922CC8552E /* Pods */,
				B759A8C938531A6AB9D716C1 /* Frameworks */,
			);
			sourceTree = "<group>";
		};
		63709DC329D1C4B9009042D8 /* Products */ = {
			isa = PBXGroup;
			children = (
				63709DC229D1C4B9009042D8 /* Flash-Chat.app */,
			);
			name = Products;
			sourceTree = "<group>";
		};
		63709DC429D1C4B9009042D8 /* Flash-Chat */ = {
			isa = PBXGroup;
			children = (
				632E01A029D1E4F8000E55D7 /* Models */,
				63709DC529D1C4B9009042D8 /* AppDelegate.swift */,
				63709DC729D1C4B9009042D8 /* SceneDelegate.swift */,
				63709DD929D1C4F6009042D8 /* Views */,
				632E019729D1C761000E55D7 /* Controllers */,
				63709DCE29D1C4BA009042D8 /* Assets.xcassets */,
				63709DD029D1C4BA009042D8 /* LaunchScreen.storyboard */,
				63709DD329D1C4BA009042D8 /* Info.plist */,
				632E01A329D1E65C000E55D7 /* GoogleService-Info.plist */,
				632E019829D1C86D000E55D7 /* Constants.swift */,
			);
			path = "Flash-Chat";
			sourceTree = "<group>";
		};
		63709DD929D1C4F6009042D8 /* Views */ = {
			isa = PBXGroup;
			children = (
				63709DCB29D1C4B9009042D8 /* Main.storyboard */,
				632E019329D1C62A000E55D7 /* MessageCell.swift */,
				632E019429D1C62A000E55D7 /* MessageCell.xib */,
			);
			path = Views;
			sourceTree = "<group>";
		};
		B759A8C938531A6AB9D716C1 /* Frameworks */ = {
			isa = PBXGroup;
			children = (
				8935291197EA9E33D17F5A8A /* Pods_Flash_Chat.framework */,
			);
			name = Frameworks;
			sourceTree = "<group>";
		};
		C23C2B51B7C572922CC8552E /* Pods */ = {
			isa = PBXGroup;
			children = (
				1D1927920DA24C957A40A119 /* Pods-Flash-Chat.debug.xcconfig */,
				0069B3E96100F3C1593093A1 /* Pods-Flash-Chat.release.xcconfig */,
			);
			path = Pods;
			sourceTree = "<group>";
		};
/* End PBXGroup section */

/* Begin PBXNativeTarget section */
		63709DC129D1C4B9009042D8 /* Flash-Chat */ = {
			isa = PBXNativeTarget;
			buildConfigurationList = 63709DD629D1C4BA009042D8 /* Build configuration list for PBXNativeTarget "Flash-Chat" */;
			buildPhases = (
				EC1ED791D70E28DA2EB7377A /* [CP] Check Pods Manifest.lock */,
				63709DBE29D1C4B9009042D8 /* Sources */,
				63709DBF29D1C4B9009042D8 /* Frameworks */,
				63709DC029D1C4B9009042D8 /* Resources */,
				D39A357CEC9DEB9DB9286DAB /* [CP] Embed Pods Frameworks */,
			);
			buildRules = (
			);
			dependencies = (
			);
			name = "Flash-Chat";
			packageProductDependencies = (
			);
			productName = "Flash-Chat";
			productReference = 63709DC229D1C4B9009042D8 /* Flash-Chat.app */;
			productType = "com.apple.product-type.application";
		};
/* End PBXNativeTarget section */

/* Begin PBXProject section */
		63709DBA29D1C4B9009042D8 /* Project object */ = {
			isa = PBXProject;
			attributes = {
				BuildIndependentTargetsInParallel = 1;
				LastSwiftUpdateCheck = 1420;
				LastUpgradeCheck = 1420;
				TargetAttributes = {
					63709DC129D1C4B9009042D8 = {
						CreatedOnToolsVersion = 14.2;
					};
				};
			};
			buildConfigurationList = 63709DBD29D1C4B9009042D8 /* Build configuration list for PBXProject "Flash-Chat" */;
			compatibilityVersion = "Xcode 14.0";
			developmentRegion = en;
			hasScannedForEncodings = 0;
			knownRegions = (
				en,
				Base,
			);
			mainGroup = 63709DB929D1C4B9009042D8;
			packageReferences = (
			);
			productRefGroup = 63709DC329D1C4B9009042D8 /* Products */;
			projectDirPath = "";
			projectRoot = "";
			targets = (
				63709DC129D1C4B9009042D8 /* Flash-Chat */,
			);
		};
/* End PBXProject section */

/* Begin PBXResourcesBuildPhase section */
		63709DC029D1C4B9009042D8 /* Resources */ = {
			isa = PBXResourcesBuildPhase;
			buildActionMask = 2147483647;
			files = (
				63709DD229D1C4BA009042D8 /* LaunchScreen.storyboard in Resources */,
				632E019629D1C62A000E55D7 /* MessageCell.xib in Resources */,
				632E01A429D1E65C000E55D7 /* GoogleService-Info.plist in Resources */,
				63709DCF29D1C4BA009042D8 /* Assets.xcassets in Resources */,
				63709DCD29D1C4B9009042D8 /* Main.storyboard in Resources */,
			);
			runOnlyForDeploymentPostprocessing = 0;
		};
/* End PBXResourcesBuildPhase section */

/* Begin PBXShellScriptBuildPhase section */
		D39A357CEC9DEB9DB9286DAB /* [CP] Embed Pods Frameworks */ = {
			isa = PBXShellScriptBuildPhase;
			buildActionMask = 2147483647;
			files = (
			);
			inputFileListPaths = (
				"${PODS_ROOT}/Target Support Files/Pods-Flash-Chat/Pods-Flash-Chat-frameworks-${CONFIGURATION}-input-files.xcfilelist",
			);
			name = "[CP] Embed Pods Frameworks";
			outputFileListPaths = (
				"${PODS_ROOT}/Target Support Files/Pods-Flash-Chat/Pods-Flash-Chat-frameworks-${CONFIGURATION}-output-files.xcfilelist",
			);
			runOnlyForDeploymentPostprocessing = 0;
			shellPath = /bin/sh;
			shellScript = "\"${PODS_ROOT}/Target Support Files/Pods-Flash-Chat/Pods-Flash-Chat-frameworks.sh\"\n";
			showEnvVarsInLog = 0;
		};
		EC1ED791D70E28DA2EB7377A /* [CP] Check Pods Manifest.lock */ = {
			isa = PBXShellScriptBuildPhase;
			buildActionMask = 2147483647;
			files = (
			);
			inputFileListPaths = (
			);
			inputPaths = (
				"${PODS_PODFILE_DIR_PATH}/Podfile.lock",
				"${PODS_ROOT}/Manifest.lock",
			);
			name = "[CP] Check Pods Manifest.lock";
			outputFileListPaths = (
			);
			outputPaths = (
				"$(DERIVED_FILE_DIR)/Pods-Flash-Chat-checkManifestLockResult.txt",
			);
			runOnlyForDeploymentPostprocessing = 0;
			shellPath = /bin/sh;
			shellScript = "diff \"${PODS_PODFILE_DIR_PATH}/Podfile.lock\" \"${PODS_ROOT}/Manifest.lock\" > /dev/null\nif [ $? != 0 ] ; then\n    # print error to STDERR\n    echo \"error: The sandbox is not in sync with the Podfile.lock. Run 'pod install' or update your CocoaPods installation.\" >&2\n    exit 1\nfi\n# This output is used by Xcode 'outputs' to avoid re-running this script phase.\necho \"SUCCESS\" > \"${SCRIPT_OUTPUT_FILE_0}\"\n";
			showEnvVarsInLog = 0;
		};
/* End PBXShellScriptBuildPhase section */

/* Begin PBXSourcesBuildPhase section */
		63709DBE29D1C4B9009042D8 /* Sources */ = {
			isa = PBXSourcesBuildPhase;
			buildActionMask = 2147483647;
			files = (
				632E019D29D1C948000E55D7 /* LoginViewController.swift in Sources */,
				632E019929D1C86D000E55D7 /* Constants.swift in Sources */,
				632E019F29D1C954000E55D7 /* ChatViewController.swift in Sources */,
				632E01A229D1E507000E55D7 /* Message.swift in Sources */,
				63709DCA29D1C4B9009042D8 /* WelcomeViewController.swift in Sources */,
				632E019529D1C62A000E55D7 /* MessageCell.swift in Sources */,
				632E019B29D1C933000E55D7 /* RegisterViewController.swift in Sources */,
				63709DC629D1C4B9009042D8 /* AppDelegate.swift in Sources */,
				63709DC829D1C4B9009042D8 /* SceneDelegate.swift in Sources */,
			);
			runOnlyForDeploymentPostprocessing = 0;
		};
/* End PBXSourcesBuildPhase section */

/* Begin PBXVariantGroup section */
		63709DCB29D1C4B9009042D8 /* Main.storyboard */ = {
			isa = PBXVariantGroup;
			children = (
				63709DCC29D1C4B9009042D8 /* Base */,
			);
			name = Main.storyboard;
			sourceTree = "<group>";
		};
		63709DD029D1C4BA009042D8 /* LaunchScreen.storyboard */ = {
			isa = PBXVariantGroup;
			children = (
				63709DD129D1C4BA009042D8 /* Base */,
			);
			name = LaunchScreen.storyboard;
			sourceTree = "<group>";
		};
/* End PBXVariantGroup section */

/* Begin XCBuildConfiguration section */
		63709DD429D1C4BA009042D8 /* Debug */ = {
			isa = XCBuildConfiguration;
			buildSettings = {
				ALWAYS_SEARCH_USER_PATHS = NO;
				CLANG_ANALYZER_NONNULL = YES;
				CLANG_ANALYZER_NUMBER_OBJECT_CONVERSION = YES_AGGRESSIVE;
				CLANG_CXX_LANGUAGE_STANDARD = "gnu++20";
				CLANG_ENABLE_MODULES = YES;
				CLANG_ENABLE_OBJC_ARC = YES;
				CLANG_ENABLE_OBJC_WEAK = YES;
				CLANG_WARN_BLOCK_CAPTURE_AUTORELEASING = YES;
				CLANG_WARN_BOOL_CONVERSION = YES;
				CLANG_WARN_COMMA = YES;
				CLANG_WARN_CONSTANT_CONVERSION = YES;
				CLANG_WARN_DEPRECATED_OBJC_IMPLEMENTATIONS = YES;
				CLANG_WARN_DIRECT_OBJC_ISA_USAGE = YES_ERROR;
				CLANG_WARN_DOCUMENTATION_COMMENTS = YES;
				CLANG_WARN_EMPTY_BODY = YES;
				CLANG_WARN_ENUM_CONVERSION = YES;
				CLANG_WARN_INFINITE_RECURSION = YES;
				CLANG_WARN_INT_CONVERSION = YES;
				CLANG_WARN_NON_LITERAL_NULL_CONVERSION = YES;
				CLANG_WARN_OBJC_IMPLICIT_RETAIN_SELF = YES;
				CLANG_WARN_OBJC_LITERAL_CONVERSION = YES;
				CLANG_WARN_OBJC_ROOT_CLASS = YES_ERROR;
				CLANG_WARN_QUOTED_INCLUDE_IN_FRAMEWORK_HEADER = YES;
				CLANG_WARN_RANGE_LOOP_ANALYSIS = YES;
				CLANG_WARN_STRICT_PROTOTYPES = YES;
				CLANG_WARN_SUSPICIOUS_MOVE = YES;
				CLANG_WARN_UNGUARDED_AVAILABILITY = YES_AGGRESSIVE;
				CLANG_WARN_UNREACHABLE_CODE = YES;
				CLANG_WARN__DUPLICATE_METHOD_MATCH = YES;
				COPY_PHASE_STRIP = NO;
				DEBUG_INFORMATION_FORMAT = dwarf;
				ENABLE_STRICT_OBJC_MSGSEND = YES;
				ENABLE_TESTABILITY = YES;
				GCC_C_LANGUAGE_STANDARD = gnu11;
				GCC_DYNAMIC_NO_PIC = NO;
				GCC_NO_COMMON_BLOCKS = YES;
				GCC_OPTIMIZATION_LEVEL = 0;
				GCC_PREPROCESSOR_DEFINITIONS = (
					"DEBUG=1",
					"$(inherited)",
				);
				GCC_WARN_64_TO_32_BIT_CONVERSION = YES;
				GCC_WARN_ABOUT_RETURN_TYPE = YES_ERROR;
				GCC_WARN_UNDECLARED_SELECTOR = YES;
				GCC_WARN_UNINITIALIZED_AUTOS = YES_AGGRESSIVE;
				GCC_WARN_UNUSED_FUNCTION = YES;
				GCC_WARN_UNUSED_VARIABLE = YES;
				IPHONEOS_DEPLOYMENT_TARGET = 13.0;
				MTL_ENABLE_DEBUG_INFO = INCLUDE_SOURCE;
				MTL_FAST_MATH = YES;
				ONLY_ACTIVE_ARCH = YES;
				SDKROOT = iphoneos;
				SWIFT_ACTIVE_COMPILATION_CONDITIONS = DEBUG;
				SWIFT_OPTIMIZATION_LEVEL = "-Onone";
			};
			name = Debug;
		};
		63709DD529D1C4BA009042D8 /* Release */ = {
			isa = XCBuildConfiguration;
			buildSettings = {
				ALWAYS_SEARCH_USER_PATHS = NO;
				CLANG_ANALYZER_NONNULL = YES;
				CLANG_ANALYZER_NUMBER_OBJECT_CONVERSION = YES_AGGRESSIVE;
				CLANG_CXX_LANGUAGE_STANDARD = "gnu++20";
				CLANG_ENABLE_MODULES = YES;
				CLANG_ENABLE_OBJC_ARC = YES;
				CLANG_ENABLE_OBJC_WEAK = YES;
				CLANG_WARN_BLOCK_CAPTURE_AUTORELEASING = YES;
				CLANG_WARN_BOOL_CONVERSION = YES;
				CLANG_WARN_COMMA = YES;
				CLANG_WARN_CONSTANT_CONVERSION = YES;
				CLANG_WARN_DEPRECATED_OBJC_IMPLEMENTATIONS = YES;
				CLANG_WARN_DIRECT_OBJC_ISA_USAGE = YES_ERROR;
				CLANG_WARN_DOCUMENTATION_COMMENTS = YES;
				CLANG_WARN_EMPTY_BODY = YES;
				CLANG_WARN_ENUM_CONVERSION = YES;
				CLANG_WARN_INFINITE_RECURSION = YES;
				CLANG_WARN_INT_CONVERSION = YES;
				CLANG_WARN_NON_LITERAL_NULL_CONVERSION = YES;
				CLANG_WARN_OBJC_IMPLICIT_RETAIN_SELF = YES;
				CLANG_WARN_OBJC_LITERAL_CONVERSION = YES;
				CLANG_WARN_OBJC_ROOT_CLASS = YES_ERROR;
				CLANG_WARN_QUOTED_INCLUDE_IN_FRAMEWORK_HEADER = YES;
				CLANG_WARN_RANGE_LOOP_ANALYSIS = YES;
				CLANG_WARN_STRICT_PROTOTYPES = YES;
				CLANG_WARN_SUSPICIOUS_MOVE = YES;
				CLANG_WARN_UNGUARDED_AVAILABILITY = YES_AGGRESSIVE;
				CLANG_WARN_UNREACHABLE_CODE = YES;
				CLANG_WARN__DUPLICATE_METHOD_MATCH = YES;
				COPY_PHASE_STRIP = NO;
				DEBUG_INFORMATION_FORMAT = "dwarf-with-dsym";
				ENABLE_NS_ASSERTIONS = NO;
				ENABLE_STRICT_OBJC_MSGSEND = YES;
				GCC_C_LANGUAGE_STANDARD = gnu11;
				GCC_NO_COMMON_BLOCKS = YES;
				GCC_WARN_64_TO_32_BIT_CONVERSION = YES;
				GCC_WARN_ABOUT_RETURN_TYPE = YES_ERROR;
				GCC_WARN_UNDECLARED_SELECTOR = YES;
				GCC_WARN_UNINITIALIZED_AUTOS = YES_AGGRESSIVE;
				GCC_WARN_UNUSED_FUNCTION = YES;
				GCC_WARN_UNUSED_VARIABLE = YES;
				IPHONEOS_DEPLOYMENT_TARGET = 13.0;
				MTL_ENABLE_DEBUG_INFO = NO;
				MTL_FAST_MATH = YES;
				SDKROOT = iphoneos;
				SWIFT_COMPILATION_MODE = wholemodule;
				SWIFT_OPTIMIZATION_LEVEL = "-O";
				VALIDATE_PRODUCT = YES;
			};
			name = Release;
		};
		63709DD729D1C4BA009042D8 /* Debug */ = {
			isa = XCBuildConfiguration;
			baseConfigurationReference = 1D1927920DA24C957A40A119 /* Pods-Flash-Chat.debug.xcconfig */;
			buildSettings = {
				ASSETCATALOG_COMPILER_APPICON_NAME = AppIcon;
				ASSETCATALOG_COMPILER_GLOBAL_ACCENT_COLOR_NAME = AccentColor;
				CODE_SIGN_STYLE = Automatic;
				CURRENT_PROJECT_VERSION = 1;
				DEVELOPMENT_TEAM = UXRH35BV4N;
				GENERATE_INFOPLIST_FILE = YES;
				INFOPLIST_FILE = "Flash-Chat/Info.plist";
				INFOPLIST_KEY_UIApplicationSupportsIndirectInputEvents = YES;
				INFOPLIST_KEY_UILaunchStoryboardName = LaunchScreen;
				INFOPLIST_KEY_UIMainStoryboardFile = Main;
				INFOPLIST_KEY_UISupportedInterfaceOrientations_iPad = "UIInterfaceOrientationPortrait UIInterfaceOrientationPortraitUpsideDown UIInterfaceOrientationLandscapeLeft UIInterfaceOrientationLandscapeRight";
				INFOPLIST_KEY_UISupportedInterfaceOrientations_iPhone = "UIInterfaceOrientationPortrait UIInterfaceOrientationLandscapeLeft UIInterfaceOrientationLandscapeRight";
				IPHONEOS_DEPLOYMENT_TARGET = 13.0;
				LD_RUNPATH_SEARCH_PATHS = (
					"$(inherited)",
					"@executable_path/Frameworks",
				);
				MARKETING_VERSION = 1.0;
				PRODUCT_BUNDLE_IDENTIFIER = "auto.Flash-Chat";
				PRODUCT_NAME = "$(TARGET_NAME)";
				SWIFT_EMIT_LOC_STRINGS = YES;
				SWIFT_VERSION = 5.0;
				TARGETED_DEVICE_FAMILY = "1,2";
			};
			name = Debug;
		};
		63709DD829D1C4BA009042D8 /* Release */ = {
			isa = XCBuildConfiguration;
			baseConfigurationReference = 0069B3E96100F3C1593093A1 /* Pods-Flash-Chat.release.xcconfig */;
			buildSettings = {
				ASSETCATALOG_COMPILER_APPICON_NAME = AppIcon;
				ASSETCATALOG_COMPILER_GLOBAL_ACCENT_COLOR_NAME = AccentColor;
				CODE_SIGN_STYLE = Automatic;
				CURRENT_PROJECT_VERSION = 1;
				DEVELOPMENT_TEAM = UXRH35BV4N;
				GENERATE_INFOPLIST_FILE = YES;
				INFOPLIST_FILE = "Flash-Chat/Info.plist";
				INFOPLIST_KEY_UIApplicationSupportsIndirectInputEvents = YES;
				INFOPLIST_KEY_UILaunchStoryboardName = LaunchScreen;
				INFOPLIST_KEY_UIMainStoryboardFile = Main;
				INFOPLIST_KEY_UISupportedInterfaceOrientations_iPad = "UIInterfaceOrientationPortrait UIInterfaceOrientationPortraitUpsideDown UIInterfaceOrientationLandscapeLeft UIInterfaceOrientationLandscapeRight";
				INFOPLIST_KEY_UISupportedInterfaceOrientations_iPhone = "UIInterfaceOrientationPortrait UIInterfaceOrientationLandscapeLeft UIInterfaceOrientationLandscapeRight";
				IPHONEOS_DEPLOYMENT_TARGET = 13.0;
				LD_RUNPATH_SEARCH_PATHS = (
					"$(inherited)",
					"@executable_path/Frameworks",
				);
				MARKETING_VERSION = 1.0;
				PRODUCT_BUNDLE_IDENTIFIER = "auto.Flash-Chat";
				PRODUCT_NAME = "$(TARGET_NAME)";
				SWIFT_EMIT_LOC_STRINGS = YES;
				SWIFT_VERSION = 5.0;
				TARGETED_DEVICE_FAMILY = "1,2";
			};
			name = Release;
		};
/* End XCBuildConfiguration section */

/* Begin XCConfigurationList section */
		63709DBD29D1C4B9009042D8 /* Build configuration list for PBXProject "Flash-Chat" */ = {
			isa = XCConfigurationList;
			buildConfigurations = (
				63709DD429D1C4BA009042D8 /* Debug */,
				63709DD529D1C4BA009042D8 /* Release */,
			);
			defaultConfigurationIsVisible = 0;
			defaultConfigurationName = Release;
		};
		63709DD629D1C4BA009042D8 /* Build configuration list for PBXNativeTarget "Flash-Chat" */ = {
			isa = XCConfigurationList;
			buildConfigurations = (
				63709DD729D1C4BA009042D8 /* Debug */,
				63709DD829D1C4BA009042D8 /* Release */,
			);
			defaultConfigurationIsVisible = 0;
			defaultConfigurationName = Release;
		};
/* End XCConfigurationList section */
	};
	rootObject = 63709DBA29D1C4B9009042D8 /* Project object */;
}
